// !$*UTF8*$!
{
	archiveVersion = 1;
	classes = {
	};
	objectVersion = 46;
	objects = {

/* Begin PBXBuildFile section */
		7DFD20E41DE4503300DC3042 /* main.m in Sources */ = {isa = PBXBuildFile; fileRef = 7DFD20E31DE4503300DC3042 /* main.m */; };
		7DFD20E71DE4503300DC3042 /* AppDelegate.m in Sources */ = {isa = PBXBuildFile; fileRef = 7DFD20E61DE4503300DC3042 /* AppDelegate.m */; };
		7DFD20EA1DE4503300DC3042 /* ViewController.m in Sources */ = {isa = PBXBuildFile; fileRef = 7DFD20E91DE4503300DC3042 /* ViewController.m */; };
		7DFD20ED1DE4503300DC3042 /* Main.storyboard in Resources */ = {isa = PBXBuildFile; fileRef = 7DFD20EB1DE4503300DC3042 /* Main.storyboard */; };
		7DFD20EF1DE4503300DC3042 /* Assets.xcassets in Resources */ = {isa = PBXBuildFile; fileRef = 7DFD20EE1DE4503300DC3042 /* Assets.xcassets */; };
		7DFD20F21DE4503300DC3042 /* LaunchScreen.storyboard in Resources */ = {isa = PBXBuildFile; fileRef = 7DFD20F01DE4503300DC3042 /* LaunchScreen.storyboard */; };
		7DFD20FD1DE4503300DC3042 /* DGButtonLimitTests.m in Sources */ = {isa = PBXBuildFile; fileRef = 7DFD20FC1DE4503300DC3042 /* DGButtonLimitTests.m */; };
		7DFD21081DE4503300DC3042 /* DGButtonLimitUITests.m in Sources */ = {isa = PBXBuildFile; fileRef = 7DFD21071DE4503300DC3042 /* DGButtonLimitUITests.m */; };
		7DFD21171DE4527B00DC3042 /* UIControl+ButtonLimit.m in Sources */ = {isa = PBXBuildFile; fileRef = 7DFD21161DE4527B00DC3042 /* UIControl+ButtonLimit.m */; };
		7DFD211A1DE5442B00DC3042 /* ExampleViewController.m in Sources */ = {isa = PBXBuildFile; fileRef = 7DFD21191DE5442B00DC3042 /* ExampleViewController.m */; };
/* End PBXBuildFile section */

/* Begin PBXContainerItemProxy section */
		7DFD20F91DE4503300DC3042 /* PBXContainerItemProxy */ = {
			isa = PBXContainerItemProxy;
			containerPortal = 7DFD20D71DE4503300DC3042 /* Project object */;
			proxyType = 1;
			remoteGlobalIDString = 7DFD20DE1DE4503300DC3042;
			remoteInfo = DGButtonLimit;
		};
		7DFD21041DE4503300DC3042 /* PBXContainerItemProxy */ = {
			isa = PBXContainerItemProxy;
			containerPortal = 7DFD20D71DE4503300DC3042 /* Project object */;
			proxyType = 1;
			remoteGlobalIDString = 7DFD20DE1DE4503300DC3042;
			remoteInfo = DGButtonLimit;
		};
/* End PBXContainerItemProxy section */

/* Begin PBXFileReference section */
		7DFD20DF1DE4503300DC3042 /* DGButtonLimit.app */ = {isa = PBXFileReference; explicitFileType = wrapper.application; includeInIndex = 0; path = DGButtonLimit.app; sourceTree = BUILT_PRODUCTS_DIR; };
		7DFD20E31DE4503300DC3042 /* main.m */ = {isa = PBXFileReference; lastKnownFileType = sourcecode.c.objc; path = main.m; sourceTree = "<group>"; };
		7DFD20E51DE4503300DC3042 /* AppDelegate.h */ = {isa = PBXFileReference; lastKnownFileType = sourcecode.c.h; path = AppDelegate.h; sourceTree = "<group>"; };
		7DFD20E61DE4503300DC3042 /* AppDelegate.m */ = {isa = PBXFileReference; lastKnownFileType = sourcecode.c.objc; path = AppDelegate.m; sourceTree = "<group>"; };
		7DFD20E81DE4503300DC3042 /* ViewController.h */ = {isa = PBXFileReference; lastKnownFileType = sourcecode.c.h; path = ViewController.h; sourceTree = "<group>"; };
		7DFD20E91DE4503300DC3042 /* ViewController.m */ = {isa = PBXFileReference; lastKnownFileType = sourcecode.c.objc; path = ViewController.m; sourceTree = "<group>"; };
		7DFD20EC1DE4503300DC3042 /* Base */ = {isa = PBXFileReference; lastKnownFileType = file.storyboard; name = Base; path = Base.lproj/Main.storyboard; sourceTree = "<group>"; };
		7DFD20EE1DE4503300DC3042 /* Assets.xcassets */ = {isa = PBXFileReference; lastKnownFileType = folder.assetcatalog; path = Assets.xcassets; sourceTree = "<group>"; };
		7DFD20F11DE4503300DC3042 /* Base */ = {isa = PBXFileReference; lastKnownFileType = file.storyboard; name = Base; path = Base.lproj/LaunchScreen.storyboard; sourceTree = "<group>"; };
		7DFD20F31DE4503300DC3042 /* Info.plist */ = {isa = PBXFileReference; lastKnownFileType = text.plist.xml; path = Info.plist; sourceTree = "<group>"; };
		7DFD20F81DE4503300DC3042 /* DGButtonLimitTests.xctest */ = {isa = PBXFileReference; explicitFileType = wrapper.cfbundle; includeInIndex = 0; path = DGButtonLimitTests.xctest; sourceTree = BUILT_PRODUCTS_DIR; };
		7DFD20FC1DE4503300DC3042 /* DGButtonLimitTests.m */ = {isa = PBXFileReference; lastKnownFileType = sourcecode.c.objc; path = DGButtonLimitTests.m; sourceTree = "<group>"; };
		7DFD20FE1DE4503300DC3042 /* Info.plist */ = {isa = PBXFileReference; lastKnownFileType = text.plist.xml; path = Info.plist; sourceTree = "<group>"; };
		7DFD21031DE4503300DC3042 /* DGButtonLimitUITests.xctest */ = {isa = PBXFileReference; explicitFileType = wrapper.cfbundle; includeInIndex = 0; path = DGButtonLimitUITests.xctest; sourceTree = BUILT_PRODUCTS_DIR; };
		7DFD21071DE4503300DC3042 /* DGButtonLimitUITests.m */ = {isa = PBXFileReference; lastKnownFileType = sourcecode.c.objc; path = DGButtonLimitUITests.m; sourceTree = "<group>"; };
		7DFD21091DE4503300DC3042 /* Info.plist */ = {isa = PBXFileReference; lastKnownFileType = text.plist.xml; path = Info.plist; sourceTree = "<group>"; };
		7DFD21151DE4527B00DC3042 /* UIControl+ButtonLimit.h */ = {isa = PBXFileReference; fileEncoding = 4; lastKnownFileType = sourcecode.c.h; path = "UIControl+ButtonLimit.h"; sourceTree = "<group>"; };
		7DFD21161DE4527B00DC3042 /* UIControl+ButtonLimit.m */ = {isa = PBXFileReference; fileEncoding = 4; lastKnownFileType = sourcecode.c.objc; path = "UIControl+ButtonLimit.m"; sourceTree = "<group>"; };
		7DFD21181DE5442B00DC3042 /* ExampleViewController.h */ = {isa = PBXFileReference; fileEncoding = 4; lastKnownFileType = sourcecode.c.h; path = ExampleViewController.h; sourceTree = "<group>"; };
		7DFD21191DE5442B00DC3042 /* ExampleViewController.m */ = {isa = PBXFileReference; fileEncoding = 4; lastKnownFileType = sourcecode.c.objc; path = ExampleViewController.m; sourceTree = "<group>"; };
/* End PBXFileReference section */

/* Begin PBXFrameworksBuildPhase section */
		7DFD20DC1DE4503300DC3042 /* Frameworks */ = {
			isa = PBXFrameworksBuildPhase;
			buildActionMask = 2147483647;
			files = (
			);
			runOnlyForDeploymentPostprocessing = 0;
		};
		7DFD20F51DE4503300DC3042 /* Frameworks */ = {
			isa = PBXFrameworksBuildPhase;
			buildActionMask = 2147483647;
			files = (
			);
			runOnlyForDeploymentPostprocessing = 0;
		};
		7DFD21001DE4503300DC3042 /* Frameworks */ = {
			isa = PBXFrameworksBuildPhase;
			buildActionMask = 2147483647;
			files = (
			);
			runOnlyForDeploymentPostprocessing = 0;
		};
/* End PBXFrameworksBuildPhase section */

/* Begin PBXGroup section */
		7DFD20D61DE4503300DC3042 = {
			isa = PBXGroup;
			children = (
				7DFD20E11DE4503300DC3042 /* DGButtonLimit */,
				7DFD20FB1DE4503300DC3042 /* DGButtonLimitTests */,
				7DFD21061DE4503300DC3042 /* DGButtonLimitUITests */,
				7DFD20E01DE4503300DC3042 /* Products */,
			);
			sourceTree = "<group>";
		};
		7DFD20E01DE4503300DC3042 /* Products */ = {
			isa = PBXGroup;
			children = (
				7DFD20DF1DE4503300DC3042 /* DGButtonLimit.app */,
				7DFD20F81DE4503300DC3042 /* DGButtonLimitTests.xctest */,
				7DFD21031DE4503300DC3042 /* DGButtonLimitUITests.xctest */,
			);
			name = Products;
			sourceTree = "<group>";
		};
		7DFD20E11DE4503300DC3042 /* DGButtonLimit */ = {
			isa = PBXGroup;
			children = (
				7DFD20E51DE4503300DC3042 /* AppDelegate.h */,
				7DFD20E61DE4503300DC3042 /* AppDelegate.m */,
				7DFD20E81DE4503300DC3042 /* ViewController.h */,
				7DFD20E91DE4503300DC3042 /* ViewController.m */,
				7DFD21181DE5442B00DC3042 /* ExampleViewController.h */,
				7DFD21191DE5442B00DC3042 /* ExampleViewController.m */,
				7DFD21151DE4527B00DC3042 /* UIControl+ButtonLimit.h */,
				7DFD21161DE4527B00DC3042 /* UIControl+ButtonLimit.m */,
				7DFD20EB1DE4503300DC3042 /* Main.storyboard */,
				7DFD20EE1DE4503300DC3042 /* Assets.xcassets */,
				7DFD20F01DE4503300DC3042 /* LaunchScreen.storyboard */,
				7DFD20F31DE4503300DC3042 /* Info.plist */,
				7DFD20E21DE4503300DC3042 /* Supporting Files */,
			);
			path = DGButtonLimit;
			sourceTree = "<group>";
		};
		7DFD20E21DE4503300DC3042 /* Supporting Files */ = {
			isa = PBXGroup;
			children = (
				7DFD20E31DE4503300DC3042 /* main.m */,
			);
			name = "Supporting Files";
			sourceTree = "<group>";
		};
		7DFD20FB1DE4503300DC3042 /* DGButtonLimitTests */ = {
			isa = PBXGroup;
			children = (
				7DFD20FC1DE4503300DC3042 /* DGButtonLimitTests.m */,
				7DFD20FE1DE4503300DC3042 /* Info.plist */,
			);
			path = DGButtonLimitTests;
			sourceTree = "<group>";
		};
		7DFD21061DE4503300DC3042 /* DGButtonLimitUITests */ = {
			isa = PBXGroup;
			children = (
				7DFD21071DE4503300DC3042 /* DGButtonLimitUITests.m */,
				7DFD21091DE4503300DC3042 /* Info.plist */,
			);
			path = DGButtonLimitUITests;
			sourceTree = "<group>";
		};
/* End PBXGroup section */

/* Begin PBXNativeTarget section */
		7DFD20DE1DE4503300DC3042 /* DGButtonLimit */ = {
			isa = PBXNativeTarget;
			buildConfigurationList = 7DFD210C1DE4503300DC3042 /* Build configuration list for PBXNativeTarget "DGButtonLimit" */;
			buildPhases = (
				7DFD20DB1DE4503300DC3042 /* Sources */,
				7DFD20DC1DE4503300DC3042 /* Frameworks */,
				7DFD20DD1DE4503300DC3042 /* Resources */,
			);
			buildRules = (
			);
			dependencies = (
			);
			name = DGButtonLimit;
			productName = DGButtonLimit;
			productReference = 7DFD20DF1DE4503300DC3042 /* DGButtonLimit.app */;
			productType = "com.apple.product-type.application";
		};
		7DFD20F71DE4503300DC3042 /* DGButtonLimitTests */ = {
			isa = PBXNativeTarget;
			buildConfigurationList = 7DFD210F1DE4503300DC3042 /* Build configuration list for PBXNativeTarget "DGButtonLimitTests" */;
			buildPhases = (
				7DFD20F41DE4503300DC3042 /* Sources */,
				7DFD20F51DE4503300DC3042 /* Frameworks */,
				7DFD20F61DE4503300DC3042 /* Resources */,
			);
			buildRules = (
			);
			dependencies = (
				7DFD20FA1DE4503300DC3042 /* PBXTargetDependency */,
			);
			name = DGButtonLimitTests;
			productName = DGButtonLimitTests;
			productReference = 7DFD20F81DE4503300DC3042 /* DGButtonLimitTests.xctest */;
			productType = "com.apple.product-type.bundle.unit-test";
		};
		7DFD21021DE4503300DC3042 /* DGButtonLimitUITests */ = {
			isa = PBXNativeTarget;
			buildConfigurationList = 7DFD21121DE4503300DC3042 /* Build configuration list for PBXNativeTarget "DGButtonLimitUITests" */;
			buildPhases = (
				7DFD20FF1DE4503300DC3042 /* Sources */,
				7DFD21001DE4503300DC3042 /* Frameworks */,
				7DFD21011DE4503300DC3042 /* Resources */,
			);
			buildRules = (
			);
			dependencies = (
				7DFD21051DE4503300DC3042 /* PBXTargetDependency */,
			);
			name = DGButtonLimitUITests;
			productName = DGButtonLimitUITests;
			productReference = 7DFD21031DE4503300DC3042 /* DGButtonLimitUITests.xctest */;
			productType = "com.apple.product-type.bundle.ui-testing";
		};
/* End PBXNativeTarget section */

/* Begin PBXProject section */
		7DFD20D71DE4503300DC3042 /* Project object */ = {
			isa = PBXProject;
			attributes = {
				LastUpgradeCheck = 0810;
				ORGANIZATIONNAME = "张一力DGCompany";
				TargetAttributes = {
					7DFD20DE1DE4503300DC3042 = {
						CreatedOnToolsVersion = 8.1;
						ProvisioningStyle = Automatic;
					};
					7DFD20F71DE4503300DC3042 = {
						CreatedOnToolsVersion = 8.1;
						ProvisioningStyle = Automatic;
						TestTargetID = 7DFD20DE1DE4503300DC3042;
					};
					7DFD21021DE4503300DC3042 = {
						CreatedOnToolsVersion = 8.1;
						ProvisioningStyle = Automatic;
						TestTargetID = 7DFD20DE1DE4503300DC3042;
					};
				};
			};
			buildConfigurationList = 7DFD20DA1DE4503300DC3042 /* Build configuration list for PBXProject "DGButtonLimit" */;
			compatibilityVersion = "Xcode 3.2";
			developmentRegion = English;
			hasScannedForEncodings = 0;
			knownRegions = (
				en,
				Base,
			);
			mainGroup = 7DFD20D61DE4503300DC3042;
			productRefGroup = 7DFD20E01DE4503300DC3042 /* Products */;
			projectDirPath = "";
			projectRoot = "";
			targets = (
				7DFD20DE1DE4503300DC3042 /* DGButtonLimit */,
				7DFD20F71DE4503300DC3042 /* DGButtonLimitTests */,
				7DFD21021DE4503300DC3042 /* DGButtonLimitUITests */,
			);
		};
/* End PBXProject section */

/* Begin PBXResourcesBuildPhase section */
		7DFD20DD1DE4503300DC3042 /* Resources */ = {
			isa = PBXResourcesBuildPhase;
			buildActionMask = 2147483647;
			files = (
				7DFD20F21DE4503300DC3042 /* LaunchScreen.storyboard in Resources */,
				7DFD20EF1DE4503300DC3042 /* Assets.xcassets in Resources */,
				7DFD20ED1DE4503300DC3042 /* Main.storyboard in Resources */,
			);
			runOnlyForDeploymentPostprocessing = 0;
		};
		7DFD20F61DE4503300DC3042 /* Resources */ = {
			isa = PBXResourcesBuildPhase;
			buildActionMask = 2147483647;
			files = (
			);
			runOnlyForDeploymentPostprocessing = 0;
		};
		7DFD21011DE4503300DC3042 /* Resources */ = {
			isa = PBXResourcesBuildPhase;
			buildActionMask = 2147483647;
			files = (
			);
			runOnlyForDeploymentPostprocessing = 0;
		};
/* End PBXResourcesBuildPhase section */

/* Begin PBXSourcesBuildPhase section */
		7DFD20DB1DE4503300DC3042 /* Sources */ = {
			isa = PBXSourcesBuildPhase;
			buildActionMask = 2147483647;
			files = (
				7DFD20EA1DE4503300DC3042 /* ViewController.m in Sources */,
				7DFD20E71DE4503300DC3042 /* AppDelegate.m in Sources */,
				7DFD211A1DE5442B00DC3042 /* ExampleViewController.m in Sources */,
				7DFD20E41DE4503300DC3042 /* main.m in Sources */,
				7DFD21171DE4527B00DC3042 /* UIControl+ButtonLimit.m in Sources */,
			);
			runOnlyForDeploymentPostprocessing = 0;
		};
		7DFD20F41DE4503300DC3042 /* Sources */ = {
			isa = PBXSourcesBuildPhase;
			buildActionMask = 2147483647;
			files = (
				7DFD20FD1DE4503300DC3042 /* DGButtonLimitTests.m in Sources */,
			);
			runOnlyForDeploymentPostprocessing = 0;
		};
		7DFD20FF1DE4503300DC3042 /* Sources */ = {
			isa = PBXSourcesBuildPhase;
			buildActionMask = 2147483647;
			files = (
				7DFD21081DE4503300DC3042 /* DGButtonLimitUITests.m in Sources */,
			);
			runOnlyForDeploymentPostprocessing = 0;
		};
/* End PBXSourcesBuildPhase section */

/* Begin PBXTargetDependency section */
		7DFD20FA1DE4503300DC3042 /* PBXTargetDependency */ = {
			isa = PBXTargetDependency;
			target = 7DFD20DE1DE4503300DC3042 /* DGButtonLimit */;
			targetProxy = 7DFD20F91DE4503300DC3042 /* PBXContainerItemProxy */;
		};
		7DFD21051DE4503300DC3042 /* PBXTargetDependency */ = {
			isa = PBXTargetDependency;
			target = 7DFD20DE1DE4503300DC3042 /* DGButtonLimit */;
			targetProxy = 7DFD21041DE4503300DC3042 /* PBXContainerItemProxy */;
		};
/* End PBXTargetDependency section */

/* Begin PBXVariantGroup section */
		7DFD20EB1DE4503300DC3042 /* Main.storyboard */ = {
			isa = PBXVariantGroup;
			children = (
				7DFD20EC1DE4503300DC3042 /* Base */,
			);
			name = Main.storyboard;
			sourceTree = "<group>";
		};
		7DFD20F01DE4503300DC3042 /* LaunchScreen.storyboard */ = {
			isa = PBXVariantGroup;
			children = (
				7DFD20F11DE4503300DC3042 /* Base */,
			);
			name = LaunchScreen.storyboard;
			sourceTree = "<group>";
		};
/* End PBXVariantGroup section */

/* Begin XCBuildConfiguration section */
		7DFD210A1DE4503300DC3042 /* Debug */ = {
			isa = XCBuildConfiguration;
			buildSettings = {
				ALWAYS_SEARCH_USER_PATHS = NO;
				CLANG_ANALYZER_NONNULL = YES;
				CLANG_CXX_LANGUAGE_STANDARD = "gnu++0x";
				CLANG_CXX_LIBRARY = "libc++";
				CLANG_ENABLE_MODULES = YES;
				CLANG_ENABLE_OBJC_ARC = YES;
				CLANG_WARN_BOOL_CONVERSION = YES;
				CLANG_WARN_CONSTANT_CONVERSION = YES;
				CLANG_WARN_DIRECT_OBJC_ISA_USAGE = YES_ERROR;
				CLANG_WARN_DOCUMENTATION_COMMENTS = YES;
				CLANG_WARN_EMPTY_BODY = YES;
				CLANG_WARN_ENUM_CONVERSION = YES;
				CLANG_WARN_INFINITE_RECURSION = YES;
				CLANG_WARN_INT_CONVERSION = YES;
				CLANG_WARN_OBJC_ROOT_CLASS = YES_ERROR;
				CLANG_WARN_SUSPICIOUS_MOVES = YES;
				CLANG_WARN_UNREACHABLE_CODE = YES;
				CLANG_WARN__DUPLICATE_METHOD_MATCH = YES;
				"CODE_SIGN_IDENTITY[sdk=iphoneos*]" = "iPhone Developer";
				COPY_PHASE_STRIP = NO;
				DEBUG_INFORMATION_FORMAT = dwarf;
				ENABLE_STRICT_OBJC_MSGSEND = YES;
				ENABLE_TESTABILITY = YES;
				GCC_C_LANGUAGE_STANDARD = gnu99;
				GCC_DYNAMIC_NO_PIC = NO;
				GCC_NO_COMMON_BLOCKS = YES;
				GCC_OPTIMIZATION_LEVEL = 0;
				GCC_PREPROCESSOR_DEFINITIONS = (
					"DEBUG=1",
					"$(inherited)",
				);
				GCC_WARN_64_TO_32_BIT_CONVERSION = YES;
				GCC_WARN_ABOUT_RETURN_TYPE = YES_ERROR;
				GCC_WARN_UNDECLARED_SELECTOR = YES;
				GCC_WARN_UNINITIALIZED_AUTOS = YES_AGGRESSIVE;
				GCC_WARN_UNUSED_FUNCTION = YES;
				GCC_WARN_UNUSED_VARIABLE = YES;
				IPHONEOS_DEPLOYMENT_TARGET = 10.1;
				MTL_ENABLE_DEBUG_INFO = YES;
				ONLY_ACTIVE_ARCH = YES;
				SDKROOT = iphoneos;
				TARGETED_DEVICE_FAMILY = "1,2";
			};
			name = Debug;
		};
		7DFD210B1DE4503300DC3042 /* Release */ = {
			isa = XCBuildConfiguration;
			buildSettings = {
				ALWAYS_SEARCH_USER_PATHS = NO;
				CLANG_ANALYZER_NONNULL = YES;
				CLANG_CXX_LANGUAGE_STANDARD = "gnu++0x";
				CLANG_CXX_LIBRARY = "libc++";
				CLANG_ENABLE_MODULES = YES;
				CLANG_ENABLE_OBJC_ARC = YES;
				CLANG_WARN_BOOL_CONVERSION = YES;
				CLANG_WARN_CONSTANT_CONVERSION = YES;
				CLANG_WARN_DIRECT_OBJC_ISA_USAGE = YES_ERROR;
				CLANG_WARN_DOCUMENTATION_COMMENTS = YES;
				CLANG_WARN_EMPTY_BODY = YES;
				CLANG_WARN_ENUM_CONVERSION = YES;
				CLANG_WARN_INFINITE_RECURSION = YES;
				CLANG_WARN_INT_CONVERSION = YES;
				CLANG_WARN_OBJC_ROOT_CLASS = YES_ERROR;
				CLANG_WARN_SUSPICIOUS_MOVES = YES;
				CLANG_WARN_UNREACHABLE_CODE = YES;
				CLANG_WARN__DUPLICATE_METHOD_MATCH = YES;
				"CODE_SIGN_IDENTITY[sdk=iphoneos*]" = "iPhone Developer";
				COPY_PHASE_STRIP = NO;
				DEBUG_INFORMATION_FORMAT = "dwarf-with-dsym";
				ENABLE_NS_ASSERTIONS = NO;
				ENABLE_STRICT_OBJC_MSGSEND = YES;
				GCC_C_LANGUAGE_STANDARD = gnu99;
				GCC_NO_COMMON_BLOCKS = YES;
				GCC_WARN_64_TO_32_BIT_CONVERSION = YES;
				GCC_WARN_ABOUT_RETURN_TYPE = YES_ERROR;
				GCC_WARN_UNDECLARED_SELECTOR = YES;
				GCC_WARN_UNINITIALIZED_AUTOS = YES_AGGRESSIVE;
				GCC_WARN_UNUSED_FUNCTION = YES;
				GCC_WARN_UNUSED_VARIABLE = YES;
				IPHONEOS_DEPLOYMENT_TARGET = 10.1;
				MTL_ENABLE_DEBUG_INFO = NO;
				SDKROOT = iphoneos;
				TARGETED_DEVICE_FAMILY = "1,2";
				VALIDATE_PRODUCT = YES;
			};
			name = Release;
		};
		7DFD210D1DE4503300DC3042 /* Debug */ = {
			isa = XCBuildConfiguration;
			buildSettings = {
				ASSETCATALOG_COMPILER_APPICON_NAME = AppIcon;
				DEVELOPMENT_TEAM = "";
				INFOPLIST_FILE = DGButtonLimit/Info.plist;
				IPHONEOS_DEPLOYMENT_TARGET = 8.0;
				LD_RUNPATH_SEARCH_PATHS = "$(inherited) @executable_path/Frameworks";
				PRODUCT_BUNDLE_IDENTIFIER = DG.DGButtonLimit;
				PRODUCT_NAME = "$(TARGET_NAME)";
			};
			name = Debug;
		};
		7DFD210E1DE4503300DC3042 /* Release */ = {
			isa = XCBuildConfiguration;
			buildSettings = {
				ASSETCATALOG_COMPILER_APPICON_NAME = AppIcon;
				DEVELOPMENT_TEAM = "";
				INFOPLIST_FILE = DGButtonLimit/Info.plist;
				IPHONEOS_DEPLOYMENT_TARGET = 8.0;
				LD_RUNPATH_SEARCH_PATHS = "$(inherited) @executable_path/Frameworks";
				PRODUCT_BUNDLE_IDENTIFIER = DG.DGButtonLimit;
				PRODUCT_NAME = "$(TARGET_NAME)";
			};
			name = Release;
		};
		7DFD21101DE4503300DC3042 /* Debug */ = {
			isa = XCBuildConfiguration;
			buildSettings = {
				BUNDLE_LOADER = "$(TEST_HOST)";
				INFOPLIST_FILE = DGButtonLimitTests/Info.plist;
				LD_RUNPATH_SEARCH_PATHS = "$(inherited) @executable_path/Frameworks @loader_path/Frameworks";
				PRODUCT_BUNDLE_IDENTIFIER = DG.DGButtonLimitTests;
				PRODUCT_NAME = "$(TARGET_NAME)";
				TEST_HOST = "$(BUILT_PRODUCTS_DIR)/DGButtonLimit.app/DGButtonLimit";
			};
			name = Debug;
		};
		7DFD21111DE4503300DC3042 /* Release */ = {
			isa = XCBuildConfiguration;
			buildSettings = {
				BUNDLE_LOADER = "$(TEST_HOST)";
				INFOPLIST_FILE = DGButtonLimitTests/Info.plist;
				LD_RUNPATH_SEARCH_PATHS = "$(inherited) @executable_path/Frameworks @loader_path/Frameworks";
				PRODUCT_BUNDLE_IDENTIFIER = DG.DGButtonLimitTests;
				PRODUCT_NAME = "$(TARGET_NAME)";
				TEST_HOST = "$(BUILT_PRODUCTS_DIR)/DGButtonLimit.app/DGButtonLimit";
			};
			name = Release;
		};
		7DFD21131DE4503300DC3042 /* Debug */ = {
			isa = XCBuildConfiguration;
			buildSettings = {
				INFOPLIST_FILE = DGButtonLimitUITests/Info.plist;
				LD_RUNPATH_SEARCH_PATHS = "$(inherited) @executable_path/Frameworks @loader_path/Frameworks";
				PRODUCT_BUNDLE_IDENTIFIER = DG.DGButtonLimitUITests;
				PRODUCT_NAME = "$(TARGET_NAME)";
				TEST_TARGET_NAME = DGButtonLimit;
			};
			name = Debug;
		};
		7DFD21141DE4503300DC3042 /* Release */ = {
			isa = XCBuildConfiguration;
			buildSettings = {
				INFOPLIST_FILE = DGButtonLimitUITests/Info.plist;
				LD_RUNPATH_SEARCH_PATHS = "$(inherited) @executable_path/Frameworks @loader_path/Frameworks";
				PRODUCT_BUNDLE_IDENTIFIER = DG.DGButtonLimitUITests;
				PRODUCT_NAME = "$(TARGET_NAME)";
				TEST_TARGET_NAME = DGButtonLimit;
			};
			name = Release;
		};
/* End XCBuildConfiguration section */

/* Begin XCConfigurationList section */
		7DFD20DA1DE4503300DC3042 /* Build configuration list for PBXProject "DGButtonLimit" */ = {
			isa = XCConfigurationList;
			buildConfigurations = (
				7DFD210A1DE4503300DC3042 /* Debug */,
				7DFD210B1DE4503300DC3042 /* Release */,
			);
			defaultConfigurationIsVisible = 0;
			defaultConfigurationName = Release;
		};
		7DFD210C1DE4503300DC3042 /* Build configuration list for PBXNativeTarget "DGButtonLimit" */ = {
			isa = XCConfigurationList;
			buildConfigurations = (
				7DFD210D1DE4503300DC3042 /* Debug */,
				7DFD210E1DE4503300DC3042 /* Release */,
			);
			defaultConfigurationIsVisible = 0;
			defaultConfigurationName = Release;
		};
		7DFD210F1DE4503300DC3042 /* Build configuration list for PBXNativeTarget "DGButtonLimitTests" */ = {
			isa = XCConfigurationList;
			buildConfigurations = (
				7DFD21101DE4503300DC3042 /* Debug */,
				7DFD21111DE4503300DC3042 /* Release */,
			);
			defaultConfigurationIsVisible = 0;
			defaultConfigurationName = Release;
		};
		7DFD21121DE4503300DC3042 /* Build configuration list for PBXNativeTarget "DGButtonLimitUITests" */ = {
			isa = XCConfigurationList;
			buildConfigurations = (
				7DFD21131DE4503300DC3042 /* Debug */,
				7DFD21141DE4503300DC3042 /* Release */,
			);
			defaultConfigurationIsVisible = 0;
			defaultConfigurationName = Release;
		};
/* End XCConfigurationList section */
	};
	rootObject = 7DFD20D71DE4503300DC3042 /* Project object */;
}
